
Microsoft Visual Studio Solution File, Format Version 12.00
# Visual Studio 2012
Project("{FAE04EC0-301F-11D3-BF4B-00C04F79EFBC}") = "CollectionAPI", "CollectionAPI\CollectionAPI.csproj", "{5D711E87-5B31-4804-9EBB-6D2A12EFC427}"
EndProject
Global
	GlobalSection(SolutionConfigurationPlatforms) = preSolution
		Debug|Any CPU = Debug|Any CPU
		Release|Any CPU = Release|Any CPU
	EndGlobalSection
	GlobalSection(ProjectConfigurationPlatforms) = postSolution
		{5D711E87-5B31-4804-9EBB-6D2A12EFC427}.Debug|Any CPU.ActiveCfg = Debug|Any CPU
		{5D711E87-5B31-4804-9EBB-6D2A12EFC427}.Debug|Any CPU.Build.0 = Debug|Any CPU
		{5D711E87-5B31-4804-9EBB-6D2A12EFC427}.Release|Any CPU.ActiveCfg = Release|Any CPU
		{5D711E87-5B31-4804-9EBB-6D2A12EFC427}.Release|Any CPU.Build.0 = Release|Any CPU
	EndGlobalSection
EndGlobal
